PODS:
  - ScyllasBandKit (2.0.0)

DEPENDENCIES:
  - ScyllasBandKit (from `../../libscyllasband`)

EXTERNAL SOURCES:
  ScyllasBandKit:
    :path: "../../libscyllasband"

SPEC CHECKSUMS:
  ScyllasBandKit: 7fcf9b98c9d4cbbbdc2a97f9b33748bae43b5673

PODFILE CHECKSUM: 2c5702b8af2745fd64733accd5d97e0f08c5922d

COCOAPODS: 1.16.2
