PODS:
  - ScyllasBandKit (2.0.0)

DEPENDENCIES:
  - ScyllasBandKit (from `../../libscyllasband`)

EXTERNAL SOURCES:
  ScyllasBandKit:
    :path: "../../libscyllasband"

SPEC CHECKSUMS:
  ScyllasBandKit: 724ebd84c631df9797b8f59e4fdbbf4b69413b38

PODFILE CHECKSUM: e77fab87c9e0038cf86ea143a6dbe5053d722eef

COCOAPODS: 1.16.2
